{
  "name": "connector-wechat-universal",
  "version": "0.1.0-alpha.1",
  "lockfileVersion": 3,
  "requires": true,
  "packages": {
    "": {
      "name": "connector-wechat-universal",
      "version": "0.1.0-alpha.1",
      "license": "MPL-2.0",
      "dependencies": {
        "zod": "3.24.3"
      },
      "engines": {
        "node": "^22.14.0"
      }
    },
    "node_modules/zod": {
      "version": "3.24.3",
      "license": "MIT",
      "funding": {
        "url": "https://github.com/sponsors/colinhacks"
      }
    }
  }
}
